// !$*UTF8*$!
{
	archiveVersion = 1;
	classes = {
	};
	objectVersion = 46;
	objects = {

/* Begin PBXBuildFile section */
		CE1FF1F41BD1E04A007B9787 /* AppDelegate.swift in Sources */ = {isa = PBXBuildFile; fileRef = CE1FF1F31BD1E04A007B9787 /* AppDelegate.swift */; };
		CE1FF1F61BD1E04A007B9787 /* ViewController.swift in Sources */ = {isa = PBXBuildFile; fileRef = CE1FF1F51BD1E04A007B9787 /* ViewController.swift */; };
		CE1FF1F91BD1E04A007B9787 /* Main.storyboard in Resources */ = {isa = PBXBuildFile; fileRef = CE1FF1F71BD1E04A007B9787 /* Main.storyboard */; };
		CE1FF1FB1BD1E04A007B9787 /* Assets.xcassets in Resources */ = {isa = PBXBuildFile; fileRef = CE1FF1FA1BD1E04A007B9787 /* Assets.xcassets */; };
		CE1FF1FE1BD1E04A007B9787 /* LaunchScreen.storyboard in Resources */ = {isa = PBXBuildFile; fileRef = CE1FF1FC1BD1E04A007B9787 /* LaunchScreen.storyboard */; };
/* End PBXBuildFile section */

/* Begin PBXFileReference section */
		CE1FF1F01BD1E04A007B9787 /* my-hood.app */ = {isa = PBXFileReference; explicitFileType = wrapper.application; includeInIndex = 0; path = "my-hood.app"; sourceTree = BUILT_PRODUCTS_DIR; };
		CE1FF1F31BD1E04A007B9787 /* AppDelegate.swift */ = {isa = PBXFileReference; lastKnownFileType = sourcecode.swift; path = AppDelegate.swift; sourceTree = "<group>"; };
		CE1FF1F51BD1E04A007B9787 /* ViewController.swift */ = {isa = PBXFileReference; lastKnownFileType = sourcecode.swift; path = ViewController.swift; sourceTree = "<group>"; };
		CE1FF1F81BD1E04A007B9787 /* Base */ = {isa = PBXFileReference; lastKnownFileType = file.storyboard; name = Base; path = Base.lproj/Main.storyboard; sourceTree = "<group>"; };
		CE1FF1FA1BD1E04A007B9787 /* Assets.xcassets */ = {isa = PBXFileReference; lastKnownFileType = folder.assetcatalog; path = Assets.xcassets; sourceTree = "<group>"; };
		CE1FF1FD1BD1E04A007B9787 /* Base */ = {isa = PBXFileReference; lastKnownFileType = file.storyboard; name = Base; path = Base.lproj/LaunchScreen.storyboard; sourceTree = "<group>"; };
		CE1FF1FF1BD1E04A007B9787 /* Info.plist */ = {isa = PBXFileReference; lastKnownFileType = text.plist.xml; path = Info.plist; sourceTree = "<group>"; };
/* End PBXFileReference section */

/* Begin PBXFrameworksBuildPhase section */
		CE1FF1ED1BD1E04A007B9787 /* Frameworks */ = {
			isa = PBXFrameworksBuildPhase;
			buildActionMask = 2147483647;
			files = (
			);
			runOnlyForDeploymentPostprocessing = 0;
		};
/* End PBXFrameworksBuildPhase section */

/* Begin PBXGroup section */
		CE1FF1E71BD1E04A007B9787 = {
			isa = PBXGroup;
			children = (
				CE1FF1F21BD1E04A007B9787 /* my-hood */,
				CE1FF1F11BD1E04A007B9787 /* Products */,
			);
			sourceTree = "<group>";
		};
		CE1FF1F11BD1E04A007B9787 /* Products */ = {
			isa = PBXGroup;
			children = (
				CE1FF1F01BD1E04A007B9787 /* my-hood.app */,
			);
			name = Products;
			sourceTree = "<group>";
		};
		CE1FF1F21BD1E04A007B9787 /* my-hood */ = {
			isa = PBXGroup;
			children = (
				CE1FF1F31BD1E04A007B9787 /* AppDelegate.swift */,
				CE1FF1F51BD1E04A007B9787 /* ViewController.swift */,
				CE1FF1F71BD1E04A007B9787 /* Main.storyboard */,
				CE1FF1FA1BD1E04A007B9787 /* Assets.xcassets */,
				CE1FF1FC1BD1E04A007B9787 /* LaunchScreen.storyboard */,
				CE1FF1FF1BD1E04A007B9787 /* Info.plist */,
			);
			path = "my-hood";
			sourceTree = "<group>";
		};
/* End PBXGroup section */

/* Begin PBXNativeTarget section */
		CE1FF1EF1BD1E04A007B9787 /* my-hood */ = {
			isa = PBXNativeTarget;
			buildConfigurationList = CE1FF2021BD1E04A007B9787 /* Build configuration list for PBXNativeTarget "my-hood" */;
			buildPhases = (
				CE1FF1EC1BD1E04A007B9787 /* Sources */,
				CE1FF1ED1BD1E04A007B9787 /* Frameworks */,
				CE1FF1EE1BD1E04A007B9787 /* Resources */,
			);
			buildRules = (
			);
			dependencies = (
			);
			name = "my-hood";
			productName = "my-hood";
			productReference = CE1FF1F01BD1E04A007B9787 /* my-hood.app */;
			productType = "com.apple.product-type.application";
		};
/* End PBXNativeTarget section */

/* Begin PBXProject section */
		CE1FF1E81BD1E04A007B9787 /* Project object */ = {
			isa = PBXProject;
			attributes = {
				LastUpgradeCheck = 0700;
				ORGANIZATIONNAME = Jon;
				TargetAttributes = {
					CE1FF1EF1BD1E04A007B9787 = {
						CreatedOnToolsVersion = 7.0;
					};
				};
			};
			buildConfigurationList = CE1FF1EB1BD1E04A007B9787 /* Build configuration list for PBXProject "my-hood" */;
			compatibilityVersion = "Xcode 3.2";
			developmentRegion = English;
			hasScannedForEncodings = 0;
			knownRegions = (
				en,
				Base,
			);
			mainGroup = CE1FF1E71BD1E04A007B9787;
			productRefGroup = CE1FF1F11BD1E04A007B9787 /* Products */;
			projectDirPath = "";
			projectRoot = "";
			targets = (
				CE1FF1EF1BD1E04A007B9787 /* my-hood */,
			);
		};
/* End PBXProject section */

/* Begin PBXResourcesBuildPhase section */
		CE1FF1EE1BD1E04A007B9787 /* Resources */ = {
			isa = PBXResourcesBuildPhase;
			buildActionMask = 2147483647;
			files = (
				CE1FF1FE1BD1E04A007B9787 /* LaunchScreen.storyboard in Resources */,
				CE1FF1FB1BD1E04A007B9787 /* Assets.xcassets in Resources */,
				CE1FF1F91BD1E04A007B9787 /* Main.storyboard in Resources */,
			);
			runOnlyForDeploymentPostprocessing = 0;
		};
/* End PBXResourcesBuildPhase section */

/* Begin PBXSourcesBuildPhase section */
		CE1FF1EC1BD1E04A007B9787 /* Sources */ = {
			isa = PBXSourcesBuildPhase;
			buildActionMask = 2147483647;
			files = (
				CE1FF1F61BD1E04A007B9787 /* ViewController.swift in Sources */,
				CE1FF1F41BD1E04A007B9787 /* AppDelegate.swift in Sources */,
			);
			runOnlyForDeploymentPostprocessing = 0;
		};
/* End PBXSourcesBuildPhase section */

/* Begin PBXVariantGroup section */
		CE1FF1F71BD1E04A007B9787 /* Main.storyboard */ = {
			isa = PBXVariantGroup;
			children = (
				CE1FF1F81BD1E04A007B9787 /* Base */,
			);
			name = Main.storyboard;
			sourceTree = "<group>";
		};
		CE1FF1FC1BD1E04A007B9787 /* LaunchScreen.storyboard */ = {
			isa = PBXVariantGroup;
			children = (
				CE1FF1FD1BD1E04A007B9787 /* Base */,
			);
			name = LaunchScreen.storyboard;
			sourceTree = "<group>";
		};
/* End PBXVariantGroup section */

/* Begin XCBuildConfiguration section */
		CE1FF2001BD1E04A007B9787 /* Debug */ = {
			isa = XCBuildConfiguration;
			buildSettings = {
				ALWAYS_SEARCH_USER_PATHS = NO;
				CLANG_CXX_LANGUAGE_STANDARD = "gnu++0x";
				CLANG_CXX_LIBRARY = "libc++";
				CLANG_ENABLE_MODULES = YES;
				CLANG_ENABLE_OBJC_ARC = YES;
				CLANG_WARN_BOOL_CONVERSION = YES;
				CLANG_WARN_CONSTANT_CONVERSION = YES;
				CLANG_WARN_DIRECT_OBJC_ISA_USAGE = YES_ERROR;
				CLANG_WARN_EMPTY_BODY = YES;
				CLANG_WARN_ENUM_CONVERSION = YES;
				CLANG_WARN_INT_CONVERSION = YES;
				CLANG_WARN_OBJC_ROOT_CLASS = YES_ERROR;
				CLANG_WARN_UNREACHABLE_CODE = YES;
				CLANG_WARN__DUPLICATE_METHOD_MATCH = YES;
				"CODE_SIGN_IDENTITY[sdk=iphoneos*]" = "iPhone Developer";
				COPY_PHASE_STRIP = NO;
				DEBUG_INFORMATION_FORMAT = dwarf;
				ENABLE_STRICT_OBJC_MSGSEND = YES;
				ENABLE_TESTABILITY = YES;
				GCC_C_LANGUAGE_STANDARD = gnu99;
				GCC_DYNAMIC_NO_PIC = NO;
				GCC_NO_COMMON_BLOCKS = YES;
				GCC_OPTIMIZATION_LEVEL = 0;
				GCC_PREPROCESSOR_DEFINITIONS = (
					"DEBUG=1",
					"$(inherited)",
				);
				GCC_WARN_64_TO_32_BIT_CONVERSION = YES;
				GCC_WARN_ABOUT_RETURN_TYPE = YES_ERROR;
				GCC_WARN_UNDECLARED_SELECTOR = YES;
				GCC_WARN_UNINITIALIZED_AUTOS = YES_AGGRESSIVE;
				GCC_WARN_UNUSED_FUNCTION = YES;
				GCC_WARN_UNUSED_VARIABLE = YES;
				IPHONEOS_DEPLOYMENT_TARGET = 9.0;
				MTL_ENABLE_DEBUG_INFO = YES;
				ONLY_ACTIVE_ARCH = YES;
				SDKROOT = iphoneos;
				SWIFT_OPTIMIZATION_LEVEL = "-Onone";
				TARGETED_DEVICE_FAMILY = "1,2";
			};
			name = Debug;
		};
		CE1FF2011BD1E04A007B9787 /* Release */ = {
			isa = XCBuildConfiguration;
			buildSettings = {
				ALWAYS_SEARCH_USER_PATHS = NO;
				CLANG_CXX_LANGUAGE_STANDARD = "gnu++0x";
				CLANG_CXX_LIBRARY = "libc++";
				CLANG_ENABLE_MODULES = YES;
				CLANG_ENABLE_OBJC_ARC = YES;
				CLANG_WARN_BOOL_CONVERSION = YES;
				CLANG_WARN_CONSTANT_CONVERSION = YES;
				CLANG_WARN_DIRECT_OBJC_ISA_USAGE = YES_ERROR;
				CLANG_WARN_EMPTY_BODY = YES;
				CLANG_WARN_ENUM_CONVERSION = YES;
				CLANG_WARN_INT_CONVERSION = YES;
				CLANG_WARN_OBJC_ROOT_CLASS = YES_ERROR;
				CLANG_WARN_UNREACHABLE_CODE = YES;
				CLANG_WARN__DUPLICATE_METHOD_MATCH = YES;
				"CODE_SIGN_IDENTITY[sdk=iphoneos*]" = "iPhone Developer";
				COPY_PHASE_STRIP = NO;
				DEBUG_INFORMATION_FORMAT = "dwarf-with-dsym";
				ENABLE_NS_ASSERTIONS = NO;
				ENABLE_STRICT_OBJC_MSGSEND = YES;
				GCC_C_LANGUAGE_STANDARD = gnu99;
				GCC_NO_COMMON_BLOCKS = YES;
				GCC_WARN_64_TO_32_BIT_CONVERSION = YES;
				GCC_WARN_ABOUT_RETURN_TYPE = YES_ERROR;
				GCC_WARN_UNDECLARED_SELECTOR = YES;
				GCC_WARN_UNINITIALIZED_AUTOS = YES_AGGRESSIVE;
				GCC_WARN_UNUSED_FUNCTION = YES;
				GCC_WARN_UNUSED_VARIABLE = YES;
				IPHONEOS_DEPLOYMENT_TARGET = 9.0;
				MTL_ENABLE_DEBUG_INFO = NO;
				SDKROOT = iphoneos;
				TARGETED_DEVICE_FAMILY = "1,2";
				VALIDATE_PRODUCT = YES;
			};
			name = Release;
		};
		CE1FF2031BD1E04A007B9787 /* Debug */ = {
			isa = XCBuildConfiguration;
			buildSettings = {
				ASSETCATALOG_COMPILER_APPICON_NAME = AppIcon;
				INFOPLIST_FILE = "my-hood/Info.plist";
				LD_RUNPATH_SEARCH_PATHS = "$(inherited) @executable_path/Frameworks";
				PRODUCT_BUNDLE_IDENTIFIER = "com.codervox.my-hood";
				PRODUCT_NAME = "$(TARGET_NAME)";
			};
			name = Debug;
		};
		CE1FF2041BD1E04A007B9787 /* Release */ = {
			isa = XCBuildConfiguration;
			buildSettings = {
				ASSETCATALOG_COMPILER_APPICON_NAME = AppIcon;
				INFOPLIST_FILE = "my-hood/Info.plist";
				LD_RUNPATH_SEARCH_PATHS = "$(inherited) @executable_path/Frameworks";
				PRODUCT_BUNDLE_IDENTIFIER = "com.codervox.my-hood";
				PRODUCT_NAME = "$(TARGET_NAME)";
			};
			name = Release;
		};
/* End XCBuildConfiguration section */

/* Begin XCConfigurationList section */
		CE1FF1EB1BD1E04A007B9787 /* Build configuration list for PBXProject "my-hood" */ = {
			isa = XCConfigurationList;
			buildConfigurations = (
				CE1FF2001BD1E04A007B9787 /* Debug */,
				CE1FF2011BD1E04A007B9787 /* Release */,
			);
			defaultConfigurationIsVisible = 0;
			defaultConfigurationName = Release;
		};
		CE1FF2021BD1E04A007B9787 /* Build configuration list for PBXNativeTarget "my-hood" */ = {
			isa = XCConfigurationList;
			buildConfigurations = (
				CE1FF2031BD1E04A007B9787 /* Debug */,
				CE1FF2041BD1E04A007B9787 /* Release */,
			);
			defaultConfigurationIsVisible = 0;
		};
/* End XCConfigurationList section */
	};
	rootObject = CE1FF1E81BD1E04A007B9787 /* Project object */;
}
